<Solution>
  <Folder Name="/src/">
    <Project Path="src/LexPCImages.API/LexPCImages.API.csproj" />
  </Folder>
  <Folder Name="/src/Modules/" />
  <Folder Name="/src/Modules/Optimizer/">
    <Project Path="src/Modules/Optimizer/LexPCImages.Modules.Optimizer.Application/LexPCImages.Modules.Optimizer.Application.csproj" />
    <Project Path="src/Modules/Optimizer/LexPCImages.Modules.Optimizer.Domain/LexPCImages.Modules.Optimizer.Domain.csproj" />
    <Project Path="src/Modules/Optimizer/LexPCImages.Modules.Optimizer.Infrastructure/LexPCImages.Modules.Optimizer.Infrastructure.csproj" />
    <Project Path="src/Modules/Optimizer/LexPCImages.Modules.Optimizer.Presentation/LexPCImages.Modules.Optimizer.Presentation.csproj" />
  </Folder>
  <Folder Name="/src/Shared/">
    <Project Path="src/Shared/LexPCImages.Shared/LexPCImages.Shared.csproj" />
    <Project Path="src/Shared/LexPCImages.Shared.Web/LexPCImages.Shared.Web.csproj" />
  </Folder>
  <Folder Name="/tests/">
    <Project Path="tests/LexPCImages.ArchitectureTests/LexPCImages.ArchitectureTests.csproj" />
    <Project Path="tests/LexPCImages.IntegrationTests/LexPCImages.IntegrationTests.csproj" />
    <Project Path="tests/LexPCImages.UnitTests/LexPCImages.UnitTests.csproj" />
  </Folder>
</Solution>
